// !$*UTF8*$!
{
	archiveVersion = 1;
	classes = {
	};
	objectVersion = 50;
	objects = {

/* Begin PBXBuildFile section */
		009FB9DC266E6534007F7D76 /* main.c in Sources */ = {isa = PBXBuildFile; fileRef = 009FB9DB266E6534007F7D76 /* main.c */; };
		009FB9E4266E655F007F7D76 /* dati.c in Sources */ = {isa = PBXBuildFile; fileRef = 009FB9E3266E655F007F7D76 /* dati.c */; };
/* End PBXBuildFile section */

/* Begin PBXCopyFilesBuildPhase section */
		009FB9D6266E6534007F7D76 /* CopyFiles */ = {
			isa = PBXCopyFilesBuildPhase;
			buildActionMask = 2147483647;
			dstPath = /usr/share/man/man1/;
			dstSubfolderSpec = 0;
			files = (
			);
			runOnlyForDeploymentPostprocessing = 1;
		};
/* End PBXCopyFilesBuildPhase section */

/* Begin PBXFileReference section */
		009FB9D8266E6534007F7D76 /* biblioteca */ = {isa = PBXFileReference; explicitFileType = "compiled.mach-o.executable"; includeInIndex = 0; path = biblioteca; sourceTree = BUILT_PRODUCTS_DIR; };
		009FB9DB266E6534007F7D76 /* main.c */ = {isa = PBXFileReference; lastKnownFileType = sourcecode.c.c; path = main.c; sourceTree = "<group>"; };
		009FB9E2266E655F007F7D76 /* dati.h */ = {isa = PBXFileReference; lastKnownFileType = sourcecode.c.h; path = dati.h; sourceTree = "<group>"; };
		009FB9E3266E655F007F7D76 /* dati.c */ = {isa = PBXFileReference; lastKnownFileType = sourcecode.c.c; path = dati.c; sourceTree = "<group>"; };
/* End PBXFileReference section */

/* Begin PBXFrameworksBuildPhase section */
		009FB9D5266E6534007F7D76 /* Frameworks */ = {
			isa = PBXFrameworksBuildPhase;
			buildActionMask = 2147483647;
			files = (
			);
			runOnlyForDeploymentPostprocessing = 0;
		};
/* End PBXFrameworksBuildPhase section */

/* Begin PBXGroup section */
		009FB9CF266E6534007F7D76 = {
			isa = PBXGroup;
			children = (
				009FB9DA266E6534007F7D76 /* biblioteca */,
				009FB9D9266E6534007F7D76 /* Products */,
			);
			sourceTree = "<group>";
		};
		009FB9D9266E6534007F7D76 /* Products */ = {
			isa = PBXGroup;
			children = (
				009FB9D8266E6534007F7D76 /* biblioteca */,
			);
			name = Products;
			sourceTree = "<group>";
		};
		009FB9DA266E6534007F7D76 /* biblioteca */ = {
			isa = PBXGroup;
			children = (
				009FB9DB266E6534007F7D76 /* main.c */,
				009FB9E2266E655F007F7D76 /* dati.h */,
				009FB9E3266E655F007F7D76 /* dati.c */,
			);
			path = biblioteca;
			sourceTree = "<group>";
		};
/* End PBXGroup section */

/* Begin PBXNativeTarget section */
		009FB9D7266E6534007F7D76 /* biblioteca */ = {
			isa = PBXNativeTarget;
			buildConfigurationList = 009FB9DF266E6534007F7D76 /* Build configuration list for PBXNativeTarget "biblioteca" */;
			buildPhases = (
				009FB9D4266E6534007F7D76 /* Sources */,
				009FB9D5266E6534007F7D76 /* Frameworks */,
				009FB9D6266E6534007F7D76 /* CopyFiles */,
			);
			buildRules = (
			);
			dependencies = (
			);
			name = biblioteca;
			productName = biblioteca;
			productReference = 009FB9D8266E6534007F7D76 /* biblioteca */;
			productType = "com.apple.product-type.tool";
		};
/* End PBXNativeTarget section */

/* Begin PBXProject section */
		009FB9D0266E6534007F7D76 /* Project object */ = {
			isa = PBXProject;
			attributes = {
				LastUpgradeCheck = 1170;
				ORGANIZATIONNAME = Fabiola;
				TargetAttributes = {
					009FB9D7266E6534007F7D76 = {
						CreatedOnToolsVersion = 11.7;
					};
				};
			};
			buildConfigurationList = 009FB9D3266E6534007F7D76 /* Build configuration list for PBXProject "biblioteca" */;
			compatibilityVersion = "Xcode 9.3";
			developmentRegion = en;
			hasScannedForEncodings = 0;
			knownRegions = (
				en,
				Base,
			);
			mainGroup = 009FB9CF266E6534007F7D76;
			productRefGroup = 009FB9D9266E6534007F7D76 /* Products */;
			projectDirPath = "";
			projectRoot = "";
			targets = (
				009FB9D7266E6534007F7D76 /* biblioteca */,
			);
		};
/* End PBXProject section */

/* Begin PBXSourcesBuildPhase section */
		009FB9D4266E6534007F7D76 /* Sources */ = {
			isa = PBXSourcesBuildPhase;
			buildActionMask = 2147483647;
			files = (
				009FB9DC266E6534007F7D76 /* main.c in Sources */,
				009FB9E4266E655F007F7D76 /* dati.c in Sources */,
			);
			runOnlyForDeploymentPostprocessing = 0;
		};
/* End PBXSourcesBuildPhase section */

/* Begin XCBuildConfiguration section */
		009FB9DD266E6534007F7D76 /* Debug */ = {
			isa = XCBuildConfiguration;
			buildSettings = {
				ALWAYS_SEARCH_USER_PATHS = NO;
				CLANG_ANALYZER_NONNULL = YES;
				CLANG_ANALYZER_NUMBER_OBJECT_CONVERSION = YES_AGGRESSIVE;
				CLANG_CXX_LANGUAGE_STANDARD = "gnu++14";
				CLANG_CXX_LIBRARY = "libc++";
				CLANG_ENABLE_MODULES = YES;
				CLANG_ENABLE_OBJC_ARC = YES;
				CLANG_ENABLE_OBJC_WEAK = YES;
				CLANG_WARN_BLOCK_CAPTURE_AUTORELEASING = YES;
				CLANG_WARN_BOOL_CONVERSION = YES;
				CLANG_WARN_COMMA = YES;
				CLANG_WARN_CONSTANT_CONVERSION = YES;
				CLANG_WARN_DEPRECATED_OBJC_IMPLEMENTATIONS = YES;
				CLANG_WARN_DIRECT_OBJC_ISA_USAGE = YES_ERROR;
				CLANG_WARN_DOCUMENTATION_COMMENTS = YES;
				CLANG_WARN_EMPTY_BODY = YES;
				CLANG_WARN_ENUM_CONVERSION = YES;
				CLANG_WARN_INFINITE_RECURSION = YES;
				CLANG_WARN_INT_CONVERSION = YES;
				CLANG_WARN_NON_LITERAL_NULL_CONVERSION = YES;
				CLANG_WARN_OBJC_IMPLICIT_RETAIN_SELF = YES;
				CLANG_WARN_OBJC_LITERAL_CONVERSION = YES;
				CLANG_WARN_OBJC_ROOT_CLASS = YES_ERROR;
				CLANG_WARN_RANGE_LOOP_ANALYSIS = YES;
				CLANG_WARN_STRICT_PROTOTYPES = YES;
				CLANG_WARN_SUSPICIOUS_MOVE = YES;
				CLANG_WARN_UNGUARDED_AVAILABILITY = YES_AGGRESSIVE;
				CLANG_WARN_UNREACHABLE_CODE = YES;
				CLANG_WARN__DUPLICATE_METHOD_MATCH = YES;
				COPY_PHASE_STRIP = NO;
				DEBUG_INFORMATION_FORMAT = dwarf;
				ENABLE_STRICT_OBJC_MSGSEND = YES;
				ENABLE_TESTABILITY = YES;
				GCC_C_LANGUAGE_STANDARD = gnu11;
				GCC_DYNAMIC_NO_PIC = NO;
				GCC_NO_COMMON_BLOCKS = YES;
				GCC_OPTIMIZATION_LEVEL = 0;
				GCC_PREPROCESSOR_DEFINITIONS = (
					"DEBUG=1",
					"$(inherited)",
				);
				GCC_WARN_64_TO_32_BIT_CONVERSION = YES;
				GCC_WARN_ABOUT_RETURN_TYPE = YES_ERROR;
				GCC_WARN_UNDECLARED_SELECTOR = YES;
				GCC_WARN_UNINITIALIZED_AUTOS = YES_AGGRESSIVE;
				GCC_WARN_UNUSED_FUNCTION = YES;
				GCC_WARN_UNUSED_VARIABLE = YES;
				MACOSX_DEPLOYMENT_TARGET = 10.15;
				MTL_ENABLE_DEBUG_INFO = INCLUDE_SOURCE;
				MTL_FAST_MATH = YES;
				ONLY_ACTIVE_ARCH = YES;
				SDKROOT = macosx;
			};
			name = Debug;
		};
		009FB9DE266E6534007F7D76 /* Release */ = {
			isa = XCBuildConfiguration;
			buildSettings = {
				ALWAYS_SEARCH_USER_PATHS = NO;
				CLANG_ANALYZER_NONNULL = YES;
				CLANG_ANALYZER_NUMBER_OBJECT_CONVERSION = YES_AGGRESSIVE;
				CLANG_CXX_LANGUAGE_STANDARD = "gnu++14";
				CLANG_CXX_LIBRARY = "libc++";
				CLANG_ENABLE_MODULES = YES;
				CLANG_ENABLE_OBJC_ARC = YES;
				CLANG_ENABLE_OBJC_WEAK = YES;
				CLANG_WARN_BLOCK_CAPTURE_AUTORELEASING = YES;
				CLANG_WARN_BOOL_CONVERSION = YES;
				CLANG_WARN_COMMA = YES;
				CLANG_WARN_CONSTANT_CONVERSION = YES;
				CLANG_WARN_DEPRECATED_OBJC_IMPLEMENTATIONS = YES;
				CLANG_WARN_DIRECT_OBJC_ISA_USAGE = YES_ERROR;
				CLANG_WARN_DOCUMENTATION_COMMENTS = YES;
				CLANG_WARN_EMPTY_BODY = YES;
				CLANG_WARN_ENUM_CONVERSION = YES;
				CLANG_WARN_INFINITE_RECURSION = YES;
				CLANG_WARN_INT_CONVERSION = YES;
				CLANG_WARN_NON_LITERAL_NULL_CONVERSION = YES;
				CLANG_WARN_OBJC_IMPLICIT_RETAIN_SELF = YES;
				CLANG_WARN_OBJC_LITERAL_CONVERSION = YES;
				CLANG_WARN_OBJC_ROOT_CLASS = YES_ERROR;
				CLANG_WARN_RANGE_LOOP_ANALYSIS = YES;
				CLANG_WARN_STRICT_PROTOTYPES = YES;
				CLANG_WARN_SUSPICIOUS_MOVE = YES;
				CLANG_WARN_UNGUARDED_AVAILABILITY = YES_AGGRESSIVE;
				CLANG_WARN_UNREACHABLE_CODE = YES;
				CLANG_WARN__DUPLICATE_METHOD_MATCH = YES;
				COPY_PHASE_STRIP = NO;
				DEBUG_INFORMATION_FORMAT = "dwarf-with-dsym";
				ENABLE_NS_ASSERTIONS = NO;
				ENABLE_STRICT_OBJC_MSGSEND = YES;
				GCC_C_LANGUAGE_STANDARD = gnu11;
				GCC_NO_COMMON_BLOCKS = YES;
				GCC_WARN_64_TO_32_BIT_CONVERSION = YES;
				GCC_WARN_ABOUT_RETURN_TYPE = YES_ERROR;
				GCC_WARN_UNDECLARED_SELECTOR = YES;
				GCC_WARN_UNINITIALIZED_AUTOS = YES_AGGRESSIVE;
				GCC_WARN_UNUSED_FUNCTION = YES;
				GCC_WARN_UNUSED_VARIABLE = YES;
				MACOSX_DEPLOYMENT_TARGET = 10.15;
				MTL_ENABLE_DEBUG_INFO = NO;
				MTL_FAST_MATH = YES;
				SDKROOT = macosx;
			};
			name = Release;
		};
		009FB9E0266E6534007F7D76 /* Debug */ = {
			isa = XCBuildConfiguration;
			buildSettings = {
				CODE_SIGN_STYLE = Automatic;
				PRODUCT_NAME = "$(TARGET_NAME)";
			};
			name = Debug;
		};
		009FB9E1266E6534007F7D76 /* Release */ = {
			isa = XCBuildConfiguration;
			buildSettings = {
				CODE_SIGN_STYLE = Automatic;
				PRODUCT_NAME = "$(TARGET_NAME)";
			};
			name = Release;
		};
/* End XCBuildConfiguration section */

/* Begin XCConfigurationList section */
		009FB9D3266E6534007F7D76 /* Build configuration list for PBXProject "biblioteca" */ = {
			isa = XCConfigurationList;
			buildConfigurations = (
				009FB9DD266E6534007F7D76 /* Debug */,
				009FB9DE266E6534007F7D76 /* Release */,
			);
			defaultConfigurationIsVisible = 0;
			defaultConfigurationName = Release;
		};
		009FB9DF266E6534007F7D76 /* Build configuration list for PBXNativeTarget "biblioteca" */ = {
			isa = XCConfigurationList;
			buildConfigurations = (
				009FB9E0266E6534007F7D76 /* Debug */,
				009FB9E1266E6534007F7D76 /* Release */,
			);
			defaultConfigurationIsVisible = 0;
			defaultConfigurationName = Release;
		};
/* End XCConfigurationList section */
	};
	rootObject = 009FB9D0266E6534007F7D76 /* Project object */;
}
